
Microsoft Visual Studio Solution File, Format Version 12.00
# Visual Studio Version 17
VisualStudioVersion = 17.3.32804.467
MinimumVisualStudioVersion = 10.0.40219.1
Project("{FAE04EC0-301F-11D3-BF4B-00C04F79EFBC}") = "TriggersAPI", "TriggersAPI\TriggersAPI.csproj", "{C32EAFED-00B1-474A-8941-DC89CC439687}"
EndProject
Global
	GlobalSection(SolutionConfigurationPlatforms) = preSolution
		Debug|Any CPU = Debug|Any CPU
		Release|Any CPU = Release|Any CPU
	EndGlobalSection
	GlobalSection(ProjectConfigurationPlatforms) = postSolution
		{C32EAFED-00B1-474A-8941-DC89CC439687}.Debug|Any CPU.ActiveCfg = Debug|Any CPU
		{C32EAFED-00B1-474A-8941-DC89CC439687}.Debug|Any CPU.Build.0 = Debug|Any CPU
		{C32EAFED-00B1-474A-8941-DC89CC439687}.Release|Any CPU.ActiveCfg = Release|Any CPU
		{C32EAFED-00B1-474A-8941-DC89CC439687}.Release|Any CPU.Build.0 = Release|Any CPU
	EndGlobalSection
	GlobalSection(SolutionProperties) = preSolution
		HideSolutionNode = FALSE
	EndGlobalSection
	GlobalSection(ExtensibilityGlobals) = postSolution
		SolutionGuid = {966DACEC-2CCE-4140-A362-5403EBABDF23}
	EndGlobalSection
EndGlobal
